{
  "requires": true,
  "lockfileVersion": 1,
  "dependencies": {
    "@panda_peter/learn-npm-publish": {
      "version": "1.0.0",
      "resolved": "https://registry.npmjs.org/@panda_peter/learn-npm-publish/-/learn-npm-publish-1.0.0.tgz",
      "integrity": "sha512-e686S3gkbBqxjMAgGNO2ffVnl/Cz4oZPzc/tOTTtzbHiB38Gv7ZOT+BOcEJa99TpQWh++ZsSkKCOHEydK8Vrqg=="
    }
  }
}
